Microsoft Visual Studio Solution File, Format Version 12.00
# Visual Studio 15
VisualStudioVersion = 15.0.27130.2036
MinimumVisualStudioVersion = 15.0.26124.0
Project("{2150E333-8FDC-42A3-9474-1A3956D46DE8}") = "src", "src", "{56C60BD6-67A8-453D-8DA5-A4D84E3E7EB7}"
EndProject
Project("{9A19103F-16F7-4668-BE54-9A1E7A4F7556}") = "BloodBank.Core", "src\BloodBank.Core\BloodBank.Core.csproj", "{82B7850B-A81B-4583-9E67-6EA22EE963E6}"
EndProject
Project("{9A19103F-16F7-4668-BE54-9A1E7A4F7556}") = "BloodBank.Web", "src\BloodBank.Web\BloodBank.Web.csproj", "{40F61BA7-EDC4-4518-BB9D-FA6F1EB241CC}"
EndProject
Project("{9A19103F-16F7-4668-BE54-9A1E7A4F7556}") = "BloodBank.Authentication", "src\BloodBank.Authentication\BloodBank.Authentication.csproj", "{B3D4E1BE-DAFB-47E7-B0AF-FD6B52A6A960}"
EndProject
Project("{FAE04EC0-301F-11D3-BF4B-00C04F79EFBC}") = "Bloodbank.Web.Status", "src\Bloodbank.Web.Status\Bloodbank.Web.Status.csproj", "{FE680FD2-0206-4AC9-8A6B-C50BAEB9BA03}"
EndProject
Global
	GlobalSection(SolutionConfigurationPlatforms) = preSolution
		Debug|Any CPU = Debug|Any CPU
		Debug|x64 = Debug|x64
		Debug|x86 = Debug|x86
		Release|Any CPU = Release|Any CPU
		Release|x64 = Release|x64
		Release|x86 = Release|x86
	EndGlobalSection
	GlobalSection(ProjectConfigurationPlatforms) = postSolution
		{82B7850B-A81B-4583-9E67-6EA22EE963E6}.Debug|Any CPU.ActiveCfg = Debug|Any CPU
		{82B7850B-A81B-4583-9E67-6EA22EE963E6}.Debug|Any CPU.Build.0 = Debug|Any CPU
		{82B7850B-A81B-4583-9E67-6EA22EE963E6}.Debug|x64.ActiveCfg = Debug|Any CPU
		{82B7850B-A81B-4583-9E67-6EA22EE963E6}.Debug|x64.Build.0 = Debug|Any CPU
		{82B7850B-A81B-4583-9E67-6EA22EE963E6}.Debug|x86.ActiveCfg = Debug|Any CPU
		{82B7850B-A81B-4583-9E67-6EA22EE963E6}.Debug|x86.Build.0 = Debug|Any CPU
		{82B7850B-A81B-4583-9E67-6EA22EE963E6}.Release|Any CPU.ActiveCfg = Release|Any CPU
		{82B7850B-A81B-4583-9E67-6EA22EE963E6}.Release|Any CPU.Build.0 = Release|Any CPU
		{82B7850B-A81B-4583-9E67-6EA22EE963E6}.Release|x64.ActiveCfg = Release|Any CPU
		{82B7850B-A81B-4583-9E67-6EA22EE963E6}.Release|x64.Build.0 = Release|Any CPU
		{82B7850B-A81B-4583-9E67-6EA22EE963E6}.Release|x86.ActiveCfg = Release|Any CPU
		{82B7850B-A81B-4583-9E67-6EA22EE963E6}.Release|x86.Build.0 = Release|Any CPU
		{40F61BA7-EDC4-4518-BB9D-FA6F1EB241CC}.Debug|Any CPU.ActiveCfg = Debug|Any CPU
		{40F61BA7-EDC4-4518-BB9D-FA6F1EB241CC}.Debug|Any CPU.Build.0 = Debug|Any CPU
		{40F61BA7-EDC4-4518-BB9D-FA6F1EB241CC}.Debug|x64.ActiveCfg = Debug|Any CPU
		{40F61BA7-EDC4-4518-BB9D-FA6F1EB241CC}.Debug|x64.Build.0 = Debug|Any CPU
		{40F61BA7-EDC4-4518-BB9D-FA6F1EB241CC}.Debug|x86.ActiveCfg = Debug|Any CPU
		{40F61BA7-EDC4-4518-BB9D-FA6F1EB241CC}.Debug|x86.Build.0 = Debug|Any CPU
		{40F61BA7-EDC4-4518-BB9D-FA6F1EB241CC}.Release|Any CPU.ActiveCfg = Release|Any CPU
		{40F61BA7-EDC4-4518-BB9D-FA6F1EB241CC}.Release|Any CPU.Build.0 = Release|Any CPU
		{40F61BA7-EDC4-4518-BB9D-FA6F1EB241CC}.Release|x64.ActiveCfg = Release|Any CPU
		{40F61BA7-EDC4-4518-BB9D-FA6F1EB241CC}.Release|x64.Build.0 = Release|Any CPU
		{40F61BA7-EDC4-4518-BB9D-FA6F1EB241CC}.Release|x86.ActiveCfg = Release|Any CPU
		{40F61BA7-EDC4-4518-BB9D-FA6F1EB241CC}.Release|x86.Build.0 = Release|Any CPU
		{B3D4E1BE-DAFB-47E7-B0AF-FD6B52A6A960}.Debug|Any CPU.ActiveCfg = Debug|Any CPU
		{B3D4E1BE-DAFB-47E7-B0AF-FD6B52A6A960}.Debug|Any CPU.Build.0 = Debug|Any CPU
		{B3D4E1BE-DAFB-47E7-B0AF-FD6B52A6A960}.Debug|x64.ActiveCfg = Debug|Any CPU
		{B3D4E1BE-DAFB-47E7-B0AF-FD6B52A6A960}.Debug|x64.Build.0 = Debug|Any CPU
		{B3D4E1BE-DAFB-47E7-B0AF-FD6B52A6A960}.Debug|x86.ActiveCfg = Debug|Any CPU
		{B3D4E1BE-DAFB-47E7-B0AF-FD6B52A6A960}.Debug|x86.Build.0 = Debug|Any CPU
		{B3D4E1BE-DAFB-47E7-B0AF-FD6B52A6A960}.Release|Any CPU.ActiveCfg = Release|Any CPU
		{B3D4E1BE-DAFB-47E7-B0AF-FD6B52A6A960}.Release|Any CPU.Build.0 = Release|Any CPU
		{B3D4E1BE-DAFB-47E7-B0AF-FD6B52A6A960}.Release|x64.ActiveCfg = Release|Any CPU
		{B3D4E1BE-DAFB-47E7-B0AF-FD6B52A6A960}.Release|x64.Build.0 = Release|Any CPU
		{B3D4E1BE-DAFB-47E7-B0AF-FD6B52A6A960}.Release|x86.ActiveCfg = Release|Any CPU
		{B3D4E1BE-DAFB-47E7-B0AF-FD6B52A6A960}.Release|x86.Build.0 = Release|Any CPU
		{FE680FD2-0206-4AC9-8A6B-C50BAEB9BA03}.Debug|Any CPU.ActiveCfg = Debug|Any CPU
		{FE680FD2-0206-4AC9-8A6B-C50BAEB9BA03}.Debug|Any CPU.Build.0 = Debug|Any CPU
		{FE680FD2-0206-4AC9-8A6B-C50BAEB9BA03}.Debug|x64.ActiveCfg = Debug|Any CPU
		{FE680FD2-0206-4AC9-8A6B-C50BAEB9BA03}.Debug|x64.Build.0 = Debug|Any CPU
		{FE680FD2-0206-4AC9-8A6B-C50BAEB9BA03}.Debug|x86.ActiveCfg = Debug|Any CPU
		{FE680FD2-0206-4AC9-8A6B-C50BAEB9BA03}.Debug|x86.Build.0 = Debug|Any CPU
		{FE680FD2-0206-4AC9-8A6B-C50BAEB9BA03}.Release|Any CPU.ActiveCfg = Release|Any CPU
		{FE680FD2-0206-4AC9-8A6B-C50BAEB9BA03}.Release|Any CPU.Build.0 = Release|Any CPU
		{FE680FD2-0206-4AC9-8A6B-C50BAEB9BA03}.Release|x64.ActiveCfg = Release|Any CPU
		{FE680FD2-0206-4AC9-8A6B-C50BAEB9BA03}.Release|x64.Build.0 = Release|Any CPU
		{FE680FD2-0206-4AC9-8A6B-C50BAEB9BA03}.Release|x86.ActiveCfg = Release|Any CPU
		{FE680FD2-0206-4AC9-8A6B-C50BAEB9BA03}.Release|x86.Build.0 = Release|Any CPU
	EndGlobalSection
	GlobalSection(SolutionProperties) = preSolution
		HideSolutionNode = FALSE
	EndGlobalSection
	GlobalSection(NestedProjects) = preSolution
		{82B7850B-A81B-4583-9E67-6EA22EE963E6} = {56C60BD6-67A8-453D-8DA5-A4D84E3E7EB7}
		{40F61BA7-EDC4-4518-BB9D-FA6F1EB241CC} = {56C60BD6-67A8-453D-8DA5-A4D84E3E7EB7}
		{B3D4E1BE-DAFB-47E7-B0AF-FD6B52A6A960} = {56C60BD6-67A8-453D-8DA5-A4D84E3E7EB7}
		{FE680FD2-0206-4AC9-8A6B-C50BAEB9BA03} = {56C60BD6-67A8-453D-8DA5-A4D84E3E7EB7}
	EndGlobalSection
	GlobalSection(ExtensibilityGlobals) = postSolution
		SolutionGuid = {93E805FC-0BD5-4475-8011-FE0706876901}
	EndGlobalSection
EndGlobal
